
Microsoft Visual Studio Solution File, Format Version 12.00
# Visual Studio Version 17
VisualStudioVersion = 17.6.33801.468
MinimumVisualStudioVersion = 10.0.40219.1
Project("{FAE04EC0-301F-11D3-BF4B-00C04F79EFBC}") = "StorageManager.API", "StorageManager.API\StorageManager.API.csproj", "{287C2A14-A654-4965-B04A-EC83AED0D30D}"
EndProject
Project("{E53339B2-1760-4266-BCC7-CA923CBCF16C}") = "docker-compose", "docker-compose.dcproj", "{20C90089-664A-4020-A954-483425F3E104}"
EndProject
Global
	GlobalSection(SolutionConfigurationPlatforms) = preSolution
		Debug|Any CPU = Debug|Any CPU
		Release|Any CPU = Release|Any CPU
	EndGlobalSection
	GlobalSection(ProjectConfigurationPlatforms) = postSolution
		{287C2A14-A654-4965-B04A-EC83AED0D30D}.Debug|Any CPU.ActiveCfg = Debug|Any CPU
		{287C2A14-A654-4965-B04A-EC83AED0D30D}.Debug|Any CPU.Build.0 = Debug|Any CPU
		{287C2A14-A654-4965-B04A-EC83AED0D30D}.Release|Any CPU.ActiveCfg = Release|Any CPU
		{287C2A14-A654-4965-B04A-EC83AED0D30D}.Release|Any CPU.Build.0 = Release|Any CPU
		{20C90089-664A-4020-A954-483425F3E104}.Debug|Any CPU.ActiveCfg = Debug|Any CPU
		{20C90089-664A-4020-A954-483425F3E104}.Debug|Any CPU.Build.0 = Debug|Any CPU
		{20C90089-664A-4020-A954-483425F3E104}.Release|Any CPU.ActiveCfg = Release|Any CPU
		{20C90089-664A-4020-A954-483425F3E104}.Release|Any CPU.Build.0 = Release|Any CPU
	EndGlobalSection
	GlobalSection(SolutionProperties) = preSolution
		HideSolutionNode = FALSE
	EndGlobalSection
	GlobalSection(ExtensibilityGlobals) = postSolution
		SolutionGuid = {20CCDB02-D123-463A-BC0A-E07A48E8A416}
	EndGlobalSection
EndGlobal
